github.com/progrium/macdriver v0.1.0 h1:2qhpRvd/kgvb6fO1Kj+CunvOLzN7FEWdT5cfFT4pug4=
github.com/progrium/macdriver v0.1.0/go.mod h1:xoLI1QJC1rRG03jXv66hf5T+ybX5fR6lLLqKUUEqt3o=
github.com/progrium/watcher v1.0.7 h1:A+ciAtU09mHrTW0tdODa6SwWEuKMKF+n/vBJYNU/FqE=
github.com/progrium/watcher v1.0.7/go.mod h1:JQYLbWpkvkx6EDYKgqn4Tv5zwhRXe9a+MQw1wnmcyvI=
